{
  "originHash" : "b394260a3c13c51bfed4b5fd0420a4ef7f28e3bf8552611baf5c0a4a1e6233f3",
  "pins" : [
    {
      "identity" : "ios_sdk",
      "kind" : "remoteSourceControl",
      "location" : "https://github.com/adjust/ios_sdk",
      "state" : {
        "branch" : "master",
        "revision" : "3ebb6fe16fa67d5307bdafc93005d006bfa5fb74"
      }
    },
    {
      "identity" : "lottie-ios",
      "kind" : "remoteSourceControl",
      "location" : "https://github.com/airbnb/lottie-ios.git",
      "state" : {
        "revision" : "7fe8b6f697ae7db4bf0df270119592cb5d502848",
        "version" : "4.4.1"
      }
    },
    {
      "identity" : "pushwoosh-xcframework",
      "kind" : "remoteSourceControl",
      "location" : "https://github.com/Pushwoosh/Pushwoosh-XCFramework",
      "state" : {
        "revision" : "210221cfded8756a83a6bd2814661d390fab2473",
        "version" : "6.5.9"
      }
    },
    {
      "identity" : "reachability",
      "kind" : "remoteSourceControl",
      "location" : "https://github.com/tonymillion/Reachability",
      "state" : {
        "branch" : "master",
        "revision" : "fe29a52e304dbefcb31a0753fa80eb1de8d4522f"
      }
    },
    {
      "identity" : "tinyconstraints",
      "kind" : "remoteSourceControl",
      "location" : "https://github.com/roberthein/TinyConstraints.git",
      "state" : {
        "revision" : "3262e5c591d4ab6272255df2087a01bbebd138dc",
        "version" : "4.0.2"
      }
    }
  ],
  "version" : 3
}
